// !$*UTF8*$!
{
	archiveVersion = 1;
	classes = {
	};
	objectVersion = 46;
	objects = {

/* Begin PBXBuildFile section */
		2DF727DA1E68C79000B1995F /* main.m in Sources */ = {isa = PBXBuildFile; fileRef = 2DF727D91E68C79000B1995F /* main.m */; };
		2DF727DD1E68C79000B1995F /* AppDelegate.m in Sources */ = {isa = PBXBuildFile; fileRef = 2DF727DC1E68C79000B1995F /* AppDelegate.m */; };
		2DF727E01E68C79000B1995F /* ViewController.m in Sources */ = {isa = PBXBuildFile; fileRef = 2DF727DF1E68C79000B1995F /* ViewController.m */; };
		2DF727E31E68C79000B1995F /* Main.storyboard in Resources */ = {isa = PBXBuildFile; fileRef = 2DF727E11E68C79000B1995F /* Main.storyboard */; };
		2DF727E51E68C79000B1995F /* Assets.xcassets in Resources */ = {isa = PBXBuildFile; fileRef = 2DF727E41E68C79000B1995F /* Assets.xcassets */; };
		2DF727E81E68C79000B1995F /* LaunchScreen.storyboard in Resources */ = {isa = PBXBuildFile; fileRef = 2DF727E61E68C79000B1995F /* LaunchScreen.storyboard */; };
/* End PBXBuildFile section */

/* Begin PBXFileReference section */
		2DF727D51E68C79000B1995F /* HomeworkS2E1.app */ = {isa = PBXFileReference; explicitFileType = wrapper.application; includeInIndex = 0; path = HomeworkS2E1.app; sourceTree = BUILT_PRODUCTS_DIR; };
		2DF727D91E68C79000B1995F /* main.m */ = {isa = PBXFileReference; lastKnownFileType = sourcecode.c.objc; path = main.m; sourceTree = "<group>"; };
		2DF727DB1E68C79000B1995F /* AppDelegate.h */ = {isa = PBXFileReference; lastKnownFileType = sourcecode.c.h; path = AppDelegate.h; sourceTree = "<group>"; };
		2DF727DC1E68C79000B1995F /* AppDelegate.m */ = {isa = PBXFileReference; lastKnownFileType = sourcecode.c.objc; path = AppDelegate.m; sourceTree = "<group>"; };
		2DF727DE1E68C79000B1995F /* ViewController.h */ = {isa = PBXFileReference; lastKnownFileType = sourcecode.c.h; path = ViewController.h; sourceTree = "<group>"; };
		2DF727DF1E68C79000B1995F /* ViewController.m */ = {isa = PBXFileReference; lastKnownFileType = sourcecode.c.objc; path = ViewController.m; sourceTree = "<group>"; };
		2DF727E21E68C79000B1995F /* Base */ = {isa = PBXFileReference; lastKnownFileType = file.storyboard; name = Base; path = Base.lproj/Main.storyboard; sourceTree = "<group>"; };
		2DF727E41E68C79000B1995F /* Assets.xcassets */ = {isa = PBXFileReference; lastKnownFileType = folder.assetcatalog; path = Assets.xcassets; sourceTree = "<group>"; };
		2DF727E71E68C79000B1995F /* Base */ = {isa = PBXFileReference; lastKnownFileType = file.storyboard; name = Base; path = Base.lproj/LaunchScreen.storyboard; sourceTree = "<group>"; };
		2DF727E91E68C79000B1995F /* Info.plist */ = {isa = PBXFileReference; lastKnownFileType = text.plist.xml; path = Info.plist; sourceTree = "<group>"; };
/* End PBXFileReference section */

/* Begin PBXFrameworksBuildPhase section */
		2DF727D21E68C79000B1995F /* Frameworks */ = {
			isa = PBXFrameworksBuildPhase;
			buildActionMask = 2147483647;
			files = (
			);
			runOnlyForDeploymentPostprocessing = 0;
		};
/* End PBXFrameworksBuildPhase section */

/* Begin PBXGroup section */
		2DF727CC1E68C79000B1995F = {
			isa = PBXGroup;
			children = (
				2DF727D71E68C79000B1995F /* HomeworkS2E1 */,
				2DF727D61E68C79000B1995F /* Products */,
			);
			sourceTree = "<group>";
		};
		2DF727D61E68C79000B1995F /* Products */ = {
			isa = PBXGroup;
			children = (
				2DF727D51E68C79000B1995F /* HomeworkS2E1.app */,
			);
			name = Products;
			sourceTree = "<group>";
		};
		2DF727D71E68C79000B1995F /* HomeworkS2E1 */ = {
			isa = PBXGroup;
			children = (
				2DF727DB1E68C79000B1995F /* AppDelegate.h */,
				2DF727DC1E68C79000B1995F /* AppDelegate.m */,
				2DF727DE1E68C79000B1995F /* ViewController.h */,
				2DF727DF1E68C79000B1995F /* ViewController.m */,
				2DF727E11E68C79000B1995F /* Main.storyboard */,
				2DF727E41E68C79000B1995F /* Assets.xcassets */,
				2DF727E61E68C79000B1995F /* LaunchScreen.storyboard */,
				2DF727E91E68C79000B1995F /* Info.plist */,
				2DF727D81E68C79000B1995F /* Supporting Files */,
			);
			path = HomeworkS2E1;
			sourceTree = "<group>";
		};
		2DF727D81E68C79000B1995F /* Supporting Files */ = {
			isa = PBXGroup;
			children = (
				2DF727D91E68C79000B1995F /* main.m */,
			);
			name = "Supporting Files";
			sourceTree = "<group>";
		};
/* End PBXGroup section */

/* Begin PBXNativeTarget section */
		2DF727D41E68C79000B1995F /* HomeworkS2E1 */ = {
			isa = PBXNativeTarget;
			buildConfigurationList = 2DF727EC1E68C79000B1995F /* Build configuration list for PBXNativeTarget "HomeworkS2E1" */;
			buildPhases = (
				2DF727D11E68C79000B1995F /* Sources */,
				2DF727D21E68C79000B1995F /* Frameworks */,
				2DF727D31E68C79000B1995F /* Resources */,
			);
			buildRules = (
			);
			dependencies = (
			);
			name = HomeworkS2E1;
			productName = HomeworkS2E1;
			productReference = 2DF727D51E68C79000B1995F /* HomeworkS2E1.app */;
			productType = "com.apple.product-type.application";
		};
/* End PBXNativeTarget section */

/* Begin PBXProject section */
		2DF727CD1E68C79000B1995F /* Project object */ = {
			isa = PBXProject;
			attributes = {
				LastUpgradeCheck = 0820;
				ORGANIZATIONNAME = Vanya;
				TargetAttributes = {
					2DF727D41E68C79000B1995F = {
						CreatedOnToolsVersion = 8.2.1;
						DevelopmentTeam = HN89CYZ53D;
						ProvisioningStyle = Automatic;
					};
				};
			};
			buildConfigurationList = 2DF727D01E68C79000B1995F /* Build configuration list for PBXProject "HomeworkS2E1" */;
			compatibilityVersion = "Xcode 3.2";
			developmentRegion = English;
			hasScannedForEncodings = 0;
			knownRegions = (
				en,
				Base,
			);
			mainGroup = 2DF727CC1E68C79000B1995F;
			productRefGroup = 2DF727D61E68C79000B1995F /* Products */;
			projectDirPath = "";
			projectRoot = "";
			targets = (
				2DF727D41E68C79000B1995F /* HomeworkS2E1 */,
			);
		};
/* End PBXProject section */

/* Begin PBXResourcesBuildPhase section */
		2DF727D31E68C79000B1995F /* Resources */ = {
			isa = PBXResourcesBuildPhase;
			buildActionMask = 2147483647;
			files = (
				2DF727E81E68C79000B1995F /* LaunchScreen.storyboard in Resources */,
				2DF727E51E68C79000B1995F /* Assets.xcassets in Resources */,
				2DF727E31E68C79000B1995F /* Main.storyboard in Resources */,
			);
			runOnlyForDeploymentPostprocessing = 0;
		};
/* End PBXResourcesBuildPhase section */

/* Begin PBXSourcesBuildPhase section */
		2DF727D11E68C79000B1995F /* Sources */ = {
			isa = PBXSourcesBuildPhase;
			buildActionMask = 2147483647;
			files = (
				2DF727E01E68C79000B1995F /* ViewController.m in Sources */,
				2DF727DD1E68C79000B1995F /* AppDelegate.m in Sources */,
				2DF727DA1E68C79000B1995F /* main.m in Sources */,
			);
			runOnlyForDeploymentPostprocessing = 0;
		};
/* End PBXSourcesBuildPhase section */

/* Begin PBXVariantGroup section */
		2DF727E11E68C79000B1995F /* Main.storyboard */ = {
			isa = PBXVariantGroup;
			children = (
				2DF727E21E68C79000B1995F /* Base */,
			);
			name = Main.storyboard;
			sourceTree = "<group>";
		};
		2DF727E61E68C79000B1995F /* LaunchScreen.storyboard */ = {
			isa = PBXVariantGroup;
			children = (
				2DF727E71E68C79000B1995F /* Base */,
			);
			name = LaunchScreen.storyboard;
			sourceTree = "<group>";
		};
/* End PBXVariantGroup section */

/* Begin XCBuildConfiguration section */
		2DF727EA1E68C79000B1995F /* Debug */ = {
			isa = XCBuildConfiguration;
			buildSettings = {
				ALWAYS_SEARCH_USER_PATHS = NO;
				CLANG_ANALYZER_NONNULL = YES;
				CLANG_CXX_LANGUAGE_STANDARD = "gnu++0x";
				CLANG_CXX_LIBRARY = "libc++";
				CLANG_ENABLE_MODULES = YES;
				CLANG_ENABLE_OBJC_ARC = YES;
				CLANG_WARN_BOOL_CONVERSION = YES;
				CLANG_WARN_CONSTANT_CONVERSION = YES;
				CLANG_WARN_DIRECT_OBJC_ISA_USAGE = YES_ERROR;
				CLANG_WARN_DOCUMENTATION_COMMENTS = YES;
				CLANG_WARN_EMPTY_BODY = YES;
				CLANG_WARN_ENUM_CONVERSION = YES;
				CLANG_WARN_INFINITE_RECURSION = YES;
				CLANG_WARN_INT_CONVERSION = YES;
				CLANG_WARN_OBJC_ROOT_CLASS = YES_ERROR;
				CLANG_WARN_SUSPICIOUS_MOVE = YES;
				CLANG_WARN_UNREACHABLE_CODE = YES;
				CLANG_WARN__DUPLICATE_METHOD_MATCH = YES;
				"CODE_SIGN_IDENTITY[sdk=iphoneos*]" = "iPhone Developer";
				COPY_PHASE_STRIP = NO;
				DEBUG_INFORMATION_FORMAT = dwarf;
				ENABLE_STRICT_OBJC_MSGSEND = YES;
				ENABLE_TESTABILITY = YES;
				GCC_C_LANGUAGE_STANDARD = gnu99;
				GCC_DYNAMIC_NO_PIC = NO;
				GCC_NO_COMMON_BLOCKS = YES;
				GCC_OPTIMIZATION_LEVEL = 0;
				GCC_PREPROCESSOR_DEFINITIONS = (
					"DEBUG=1",
					"$(inherited)",
				);
				GCC_WARN_64_TO_32_BIT_CONVERSION = YES;
				GCC_WARN_ABOUT_RETURN_TYPE = YES_ERROR;
				GCC_WARN_UNDECLARED_SELECTOR = YES;
				GCC_WARN_UNINITIALIZED_AUTOS = YES_AGGRESSIVE;
				GCC_WARN_UNUSED_FUNCTION = YES;
				GCC_WARN_UNUSED_VARIABLE = YES;
				IPHONEOS_DEPLOYMENT_TARGET = 10.2;
				MTL_ENABLE_DEBUG_INFO = YES;
				ONLY_ACTIVE_ARCH = YES;
				SDKROOT = iphoneos;
				TARGETED_DEVICE_FAMILY = "1,2";
			};
			name = Debug;
		};
		2DF727EB1E68C79000B1995F /* Release */ = {
			isa = XCBuildConfiguration;
			buildSettings = {
				ALWAYS_SEARCH_USER_PATHS = NO;
				CLANG_ANALYZER_NONNULL = YES;
				CLANG_CXX_LANGUAGE_STANDARD = "gnu++0x";
				CLANG_CXX_LIBRARY = "libc++";
				CLANG_ENABLE_MODULES = YES;
				CLANG_ENABLE_OBJC_ARC = YES;
				CLANG_WARN_BOOL_CONVERSION = YES;
				CLANG_WARN_CONSTANT_CONVERSION = YES;
				CLANG_WARN_DIRECT_OBJC_ISA_USAGE = YES_ERROR;
				CLANG_WARN_DOCUMENTATION_COMMENTS = YES;
				CLANG_WARN_EMPTY_BODY = YES;
				CLANG_WARN_ENUM_CONVERSION = YES;
				CLANG_WARN_INFINITE_RECURSION = YES;
				CLANG_WARN_INT_CONVERSION = YES;
				CLANG_WARN_OBJC_ROOT_CLASS = YES_ERROR;
				CLANG_WARN_SUSPICIOUS_MOVE = YES;
				CLANG_WARN_UNREACHABLE_CODE = YES;
				CLANG_WARN__DUPLICATE_METHOD_MATCH = YES;
				"CODE_SIGN_IDENTITY[sdk=iphoneos*]" = "iPhone Developer";
				COPY_PHASE_STRIP = NO;
				DEBUG_INFORMATION_FORMAT = "dwarf-with-dsym";
				ENABLE_NS_ASSERTIONS = NO;
				ENABLE_STRICT_OBJC_MSGSEND = YES;
				GCC_C_LANGUAGE_STANDARD = gnu99;
				GCC_NO_COMMON_BLOCKS = YES;
				GCC_WARN_64_TO_32_BIT_CONVERSION = YES;
				GCC_WARN_ABOUT_RETURN_TYPE = YES_ERROR;
				GCC_WARN_UNDECLARED_SELECTOR = YES;
				GCC_WARN_UNINITIALIZED_AUTOS = YES_AGGRESSIVE;
				GCC_WARN_UNUSED_FUNCTION = YES;
				GCC_WARN_UNUSED_VARIABLE = YES;
				IPHONEOS_DEPLOYMENT_TARGET = 10.2;
				MTL_ENABLE_DEBUG_INFO = NO;
				SDKROOT = iphoneos;
				TARGETED_DEVICE_FAMILY = "1,2";
				VALIDATE_PRODUCT = YES;
			};
			name = Release;
		};
		2DF727ED1E68C79000B1995F /* Debug */ = {
			isa = XCBuildConfiguration;
			buildSettings = {
				ASSETCATALOG_COMPILER_APPICON_NAME = AppIcon;
				DEVELOPMENT_TEAM = HN89CYZ53D;
				INFOPLIST_FILE = HomeworkS2E1/Info.plist;
				IPHONEOS_DEPLOYMENT_TARGET = 8.0;
				LD_RUNPATH_SEARCH_PATHS = "$(inherited) @executable_path/Frameworks";
				PRODUCT_BUNDLE_IDENTIFIER = com.vanya.HomeworkS2E1;
				PRODUCT_NAME = "$(TARGET_NAME)";
			};
			name = Debug;
		};
		2DF727EE1E68C79000B1995F /* Release */ = {
			isa = XCBuildConfiguration;
			buildSettings = {
				ASSETCATALOG_COMPILER_APPICON_NAME = AppIcon;
				DEVELOPMENT_TEAM = HN89CYZ53D;
				INFOPLIST_FILE = HomeworkS2E1/Info.plist;
				IPHONEOS_DEPLOYMENT_TARGET = 8.0;
				LD_RUNPATH_SEARCH_PATHS = "$(inherited) @executable_path/Frameworks";
				PRODUCT_BUNDLE_IDENTIFIER = com.vanya.HomeworkS2E1;
				PRODUCT_NAME = "$(TARGET_NAME)";
			};
			name = Release;
		};
/* End XCBuildConfiguration section */

/* Begin XCConfigurationList section */
		2DF727D01E68C79000B1995F /* Build configuration list for PBXProject "HomeworkS2E1" */ = {
			isa = XCConfigurationList;
			buildConfigurations = (
				2DF727EA1E68C79000B1995F /* Debug */,
				2DF727EB1E68C79000B1995F /* Release */,
			);
			defaultConfigurationIsVisible = 0;
			defaultConfigurationName = Release;
		};
		2DF727EC1E68C79000B1995F /* Build configuration list for PBXNativeTarget "HomeworkS2E1" */ = {
			isa = XCConfigurationList;
			buildConfigurations = (
				2DF727ED1E68C79000B1995F /* Debug */,
				2DF727EE1E68C79000B1995F /* Release */,
			);
			defaultConfigurationIsVisible = 0;
		};
/* End XCConfigurationList section */
	};
	rootObject = 2DF727CD1E68C79000B1995F /* Project object */;
}
